
Microsoft Visual Studio Solution File, Format Version 12.00
# Visual Studio 15
VisualStudioVersion = 15.0.28307.1340
MinimumVisualStudioVersion = 10.0.40219.1
Project("{FAE04EC0-301F-11D3-BF4B-00C04F79EFBC}") = "ysoserial", "ysoserial\ysoserial.csproj", "{6B40FDE7-14EA-4F57-8B7B-CC2EB4A25E6C}"
EndProject
Project("{FAE04EC0-301F-11D3-BF4B-00C04F79EFBC}") = "ExploitClass", "ExploitClass\ExploitClass.csproj", "{0746F37A-9825-4E9D-A1EB-6DCC03B25C45}"
EndProject
Project("{FAE04EC0-301F-11D3-BF4B-00C04F79EFBC}") = "TestConsoleApp_YSONET", "TestConsoleApp\TestConsoleApp_YSONET.csproj", "{E1E8C029-F7CD-4BD1-952E-E819B41520F0}"
EndProject
Global
	GlobalSection(SolutionConfigurationPlatforms) = preSolution
		Debug|Any CPU = Debug|Any CPU
		Debug|x64 = Debug|x64
		Debug|x86 = Debug|x86
		Release|Any CPU = Release|Any CPU
		Release|x64 = Release|x64
		Release|x86 = Release|x86
	EndGlobalSection
	GlobalSection(ProjectConfigurationPlatforms) = postSolution
		{6B40FDE7-14EA-4F57-8B7B-CC2EB4A25E6C}.Debug|Any CPU.ActiveCfg = Debug|Any CPU
		{6B40FDE7-14EA-4F57-8B7B-CC2EB4A25E6C}.Debug|Any CPU.Build.0 = Debug|Any CPU
		{6B40FDE7-14EA-4F57-8B7B-CC2EB4A25E6C}.Debug|x64.ActiveCfg = Debug|x64
		{6B40FDE7-14EA-4F57-8B7B-CC2EB4A25E6C}.Debug|x64.Build.0 = Debug|x64
		{6B40FDE7-14EA-4F57-8B7B-CC2EB4A25E6C}.Debug|x86.ActiveCfg = Debug|x86
		{6B40FDE7-14EA-4F57-8B7B-CC2EB4A25E6C}.Debug|x86.Build.0 = Debug|x86
		{6B40FDE7-14EA-4F57-8B7B-CC2EB4A25E6C}.Release|Any CPU.ActiveCfg = Release|Any CPU
		{6B40FDE7-14EA-4F57-8B7B-CC2EB4A25E6C}.Release|Any CPU.Build.0 = Release|Any CPU
		{6B40FDE7-14EA-4F57-8B7B-CC2EB4A25E6C}.Release|x64.ActiveCfg = Release|x64
		{6B40FDE7-14EA-4F57-8B7B-CC2EB4A25E6C}.Release|x64.Build.0 = Release|x64
		{6B40FDE7-14EA-4F57-8B7B-CC2EB4A25E6C}.Release|x86.ActiveCfg = Release|x86
		{6B40FDE7-14EA-4F57-8B7B-CC2EB4A25E6C}.Release|x86.Build.0 = Release|x86
		{0746F37A-9825-4E9D-A1EB-6DCC03B25C45}.Debug|Any CPU.ActiveCfg = Debug|Any CPU
		{0746F37A-9825-4E9D-A1EB-6DCC03B25C45}.Debug|Any CPU.Build.0 = Debug|Any CPU
		{0746F37A-9825-4E9D-A1EB-6DCC03B25C45}.Debug|x64.ActiveCfg = Debug|x64
		{0746F37A-9825-4E9D-A1EB-6DCC03B25C45}.Debug|x64.Build.0 = Debug|x64
		{0746F37A-9825-4E9D-A1EB-6DCC03B25C45}.Debug|x86.ActiveCfg = Debug|x86
		{0746F37A-9825-4E9D-A1EB-6DCC03B25C45}.Debug|x86.Build.0 = Debug|x86
		{0746F37A-9825-4E9D-A1EB-6DCC03B25C45}.Release|Any CPU.ActiveCfg = Release|Any CPU
		{0746F37A-9825-4E9D-A1EB-6DCC03B25C45}.Release|Any CPU.Build.0 = Release|Any CPU
		{0746F37A-9825-4E9D-A1EB-6DCC03B25C45}.Release|x64.ActiveCfg = Release|x64
		{0746F37A-9825-4E9D-A1EB-6DCC03B25C45}.Release|x64.Build.0 = Release|x64
		{0746F37A-9825-4E9D-A1EB-6DCC03B25C45}.Release|x86.ActiveCfg = Release|x86
		{0746F37A-9825-4E9D-A1EB-6DCC03B25C45}.Release|x86.Build.0 = Release|x86
		{E1E8C029-F7CD-4BD1-952E-E819B41520F0}.Debug|Any CPU.ActiveCfg = Debug|Any CPU
		{E1E8C029-F7CD-4BD1-952E-E819B41520F0}.Debug|Any CPU.Build.0 = Debug|Any CPU
		{E1E8C029-F7CD-4BD1-952E-E819B41520F0}.Debug|x64.ActiveCfg = Debug|x64
		{E1E8C029-F7CD-4BD1-952E-E819B41520F0}.Debug|x64.Build.0 = Debug|x64
		{E1E8C029-F7CD-4BD1-952E-E819B41520F0}.Debug|x86.ActiveCfg = Debug|x86
		{E1E8C029-F7CD-4BD1-952E-E819B41520F0}.Debug|x86.Build.0 = Debug|x86
		{E1E8C029-F7CD-4BD1-952E-E819B41520F0}.Release|Any CPU.ActiveCfg = Release|Any CPU
		{E1E8C029-F7CD-4BD1-952E-E819B41520F0}.Release|Any CPU.Build.0 = Release|Any CPU
		{E1E8C029-F7CD-4BD1-952E-E819B41520F0}.Release|x64.ActiveCfg = Release|x64
		{E1E8C029-F7CD-4BD1-952E-E819B41520F0}.Release|x64.Build.0 = Release|x64
		{E1E8C029-F7CD-4BD1-952E-E819B41520F0}.Release|x86.ActiveCfg = Release|x86
		{E1E8C029-F7CD-4BD1-952E-E819B41520F0}.Release|x86.Build.0 = Release|x86
	EndGlobalSection
	GlobalSection(SolutionProperties) = preSolution
		HideSolutionNode = FALSE
	EndGlobalSection
	GlobalSection(ExtensibilityGlobals) = postSolution
		SolutionGuid = {9F1672F3-4451-4E9C-87D3-54B0C5F2CF8A}
	EndGlobalSection
EndGlobal
